
Microsoft Visual Studio Solution File, Format Version 12.00
# Visual Studio Version 16
VisualStudioVersion = 16.0.30621.155
MinimumVisualStudioVersion = 10.0.40219.1
Project("{FAE04EC0-301F-11D3-BF4B-00C04F79EFBC}") = "01_CafeClassLibRepo", "01_CafeClassRepo\01_CafeClassLibRepo.csproj", "{B6ED3198-F725-4B74-B973-17C0FE65BC79}"
EndProject
Project("{FAE04EC0-301F-11D3-BF4B-00C04F79EFBC}") = "01_CafeConsole", "..\..\Challenges\01_CafeConsole\01_CafeConsole.csproj", "{49E0617C-7198-47EC-A9CD-FD0F4269A8C5}"
EndProject
Project("{FAE04EC0-301F-11D3-BF4B-00C04F79EFBC}") = "01_CafeTest", "..\..\Challenges\01_CafeTest\01_CafeTest.csproj", "{3D251DCD-12B8-4228-8C24-0CC6C9B5EE32}"
EndProject
Global
	GlobalSection(SolutionConfigurationPlatforms) = preSolution
		Debug|Any CPU = Debug|Any CPU
		Release|Any CPU = Release|Any CPU
	EndGlobalSection
	GlobalSection(ProjectConfigurationPlatforms) = postSolution
		{B6ED3198-F725-4B74-B973-17C0FE65BC79}.Debug|Any CPU.ActiveCfg = Debug|Any CPU
		{B6ED3198-F725-4B74-B973-17C0FE65BC79}.Debug|Any CPU.Build.0 = Debug|Any CPU
		{B6ED3198-F725-4B74-B973-17C0FE65BC79}.Release|Any CPU.ActiveCfg = Release|Any CPU
		{B6ED3198-F725-4B74-B973-17C0FE65BC79}.Release|Any CPU.Build.0 = Release|Any CPU
		{49E0617C-7198-47EC-A9CD-FD0F4269A8C5}.Debug|Any CPU.ActiveCfg = Debug|Any CPU
		{49E0617C-7198-47EC-A9CD-FD0F4269A8C5}.Debug|Any CPU.Build.0 = Debug|Any CPU
		{49E0617C-7198-47EC-A9CD-FD0F4269A8C5}.Release|Any CPU.ActiveCfg = Release|Any CPU
		{49E0617C-7198-47EC-A9CD-FD0F4269A8C5}.Release|Any CPU.Build.0 = Release|Any CPU
		{3D251DCD-12B8-4228-8C24-0CC6C9B5EE32}.Debug|Any CPU.ActiveCfg = Debug|Any CPU
		{3D251DCD-12B8-4228-8C24-0CC6C9B5EE32}.Debug|Any CPU.Build.0 = Debug|Any CPU
		{3D251DCD-12B8-4228-8C24-0CC6C9B5EE32}.Release|Any CPU.ActiveCfg = Release|Any CPU
		{3D251DCD-12B8-4228-8C24-0CC6C9B5EE32}.Release|Any CPU.Build.0 = Release|Any CPU
	EndGlobalSection
	GlobalSection(SolutionProperties) = preSolution
		HideSolutionNode = FALSE
	EndGlobalSection
	GlobalSection(ExtensibilityGlobals) = postSolution
		SolutionGuid = {BBA6C514-4878-4167-A099-F336EC2DD263}
	EndGlobalSection
EndGlobal
